
Microsoft Visual Studio Solution File, Format Version 12.00
# Visual Studio 15
Project("{FAE04EC0-301F-11D3-BF4B-00C04F79EFBC}") = "Assembly-CSharp", "Assembly-CSharp.csproj", "{9B3884E1-4F1B-8238-6751-727AF00DE5AA}"
EndProject
Project("{FAE04EC0-301F-11D3-BF4B-00C04F79EFBC}") = "Assembly-CSharp-Editor", "Assembly-CSharp-Editor.csproj", "{AFF6DC0B-12F0-D4DD-07B8-A2204884DD0C}"
EndProject
Global
	GlobalSection(SolutionConfigurationPlatforms) = preSolution
		Debug|Any CPU = Debug|Any CPU
		Release|Any CPU = Release|Any CPU
	EndGlobalSection
	GlobalSection(ProjectConfigurationPlatforms) = postSolution
		{9B3884E1-4F1B-8238-6751-727AF00DE5AA}.Debug|Any CPU.ActiveCfg = Debug|Any CPU
		{9B3884E1-4F1B-8238-6751-727AF00DE5AA}.Debug|Any CPU.Build.0 = Debug|Any CPU
		{9B3884E1-4F1B-8238-6751-727AF00DE5AA}.Release|Any CPU.ActiveCfg = Release|Any CPU
		{9B3884E1-4F1B-8238-6751-727AF00DE5AA}.Release|Any CPU.Build.0 = Release|Any CPU
		{AFF6DC0B-12F0-D4DD-07B8-A2204884DD0C}.Debug|Any CPU.ActiveCfg = Debug|Any CPU
		{AFF6DC0B-12F0-D4DD-07B8-A2204884DD0C}.Debug|Any CPU.Build.0 = Debug|Any CPU
		{AFF6DC0B-12F0-D4DD-07B8-A2204884DD0C}.Release|Any CPU.ActiveCfg = Release|Any CPU
		{AFF6DC0B-12F0-D4DD-07B8-A2204884DD0C}.Release|Any CPU.Build.0 = Release|Any CPU
	EndGlobalSection
	GlobalSection(SolutionProperties) = preSolution
		HideSolutionNode = FALSE
	EndGlobalSection
EndGlobal
